github.com/jgillich/go-opencl v0.0.0-20180608191952-a0efba3e5257 h1:CBOaGRHrueOBsM7vclAiWv4aecXkEAjGfYPGPgM9AdU=
github.com/jgillich/go-opencl v0.0.0-20180608191952-a0efba3e5257/go.mod h1:zVb9psSAj+VpRI2Kp8J9sG437/VkNvl+l3dBMAUmGi4=
golang.org/x/image v0.25.0 h1:Y6uW6rH1y5y/LK1J8BPWZtr6yZ7hrsy6hFrXjgsc2fQ=
golang.org/x/image v0.25.0/go.mod h1:tCAmOEGthTtkalusGp1g3xa2gke8J6c2N565dTyl9Rs=
